
Microsoft Visual Studio Solution File, Format Version 12.00
# Visual Studio Version 16
VisualStudioVersion = 16.0.29318.209
MinimumVisualStudioVersion = 10.0.40219.1
Project("{9A19103F-16F7-4668-BE54-9A1E7A4F7556}") = "hrefs.cn", "hrefs.cn\hrefs.cn.csproj", "{8ED06CE2-81BE-4EE4-88F7-46AA290F71EF}"
EndProject
Project("{2150E333-8FDC-42A3-9474-1A3956D46DE8}") = "BLL", "BLL", "{815A81B7-2777-4540-A3BC-191B13156E98}"
EndProject
Project("{2150E333-8FDC-42A3-9474-1A3956D46DE8}") = "DAL", "DAL", "{649D641C-9DF9-428A-A7F0-A688D2537533}"
EndProject
Project("{2150E333-8FDC-42A3-9474-1A3956D46DE8}") = "Model", "Model", "{CBCA5A48-C5F4-4641-A043-2C9BC8561799}"
EndProject
Project("{2150E333-8FDC-42A3-9474-1A3956D46DE8}") = "Util", "Util", "{BB6C71BE-7D3A-481E-B520-FF4E83B7BE16}"
EndProject
Project("{9A19103F-16F7-4668-BE54-9A1E7A4F7556}") = "IService", "BLL\IService\IService.csproj", "{B21DBF04-6234-430C-8F7E-E36A4E37ECCC}"
EndProject
Project("{9A19103F-16F7-4668-BE54-9A1E7A4F7556}") = "Service", "BLL\Service\Service.csproj", "{76718E5B-A66D-452A-B7FB-FC94B3F92487}"
EndProject
Project("{9A19103F-16F7-4668-BE54-9A1E7A4F7556}") = "IRepository", "DAL\IRepository\IRepository.csproj", "{D96F7457-1263-4A54-A121-6906A4999DAA}"
EndProject
Project("{9A19103F-16F7-4668-BE54-9A1E7A4F7556}") = "Repository", "DAL\Repository\Repository.csproj", "{45BC2530-65D6-4064-A28E-7116299A707F}"
EndProject
Project("{9A19103F-16F7-4668-BE54-9A1E7A4F7556}") = "Models", "Model\Models\Models.csproj", "{4857BE92-3B74-4228-BE6D-BDC68D1BB261}"
EndProject
Project("{9A19103F-16F7-4668-BE54-9A1E7A4F7556}") = "MiscHelpers", "Util\MiscHelpers\MiscHelpers.csproj", "{DA6ED61A-B068-4F9E-8098-C9E2C6486159}"
EndProject
Project("{2150E333-8FDC-42A3-9474-1A3956D46DE8}") = "Service", "Service", "{AB0D5B48-1FE5-436D-A3C7-B7C03CC085FE}"
EndProject
Project("{9A19103F-16F7-4668-BE54-9A1E7A4F7556}") = "MicroServices", "Service\MicroServices\MicroServices.csproj", "{B626DE81-4B87-4BDA-AF76-F049F6679791}"
EndProject
Project("{9A19103F-16F7-4668-BE54-9A1E7A4F7556}") = "Dispatcher", "BLL\Dispatcher\Dispatcher.csproj", "{1B359551-541E-4507-A6EC-0CE6325B5A83}"
EndProject
Project("{9A19103F-16F7-4668-BE54-9A1E7A4F7556}") = "UIHelpers", "Util\UIHelpers\UIHelpers.csproj", "{160C6B0F-9F60-4003-B38B-5575AE91B2ED}"
EndProject
Project("{FAE04EC0-301F-11D3-BF4B-00C04F79EFBC}") = "Common", "Util\Common\Common.csproj", "{0E374ED8-472D-4AB6-B63E-BAD82C8F00A7}"
EndProject
Global
	GlobalSection(SolutionConfigurationPlatforms) = preSolution
		Debug|Any CPU = Debug|Any CPU
		Release|Any CPU = Release|Any CPU
	EndGlobalSection
	GlobalSection(ProjectConfigurationPlatforms) = postSolution
		{8ED06CE2-81BE-4EE4-88F7-46AA290F71EF}.Debug|Any CPU.ActiveCfg = Debug|Any CPU
		{8ED06CE2-81BE-4EE4-88F7-46AA290F71EF}.Debug|Any CPU.Build.0 = Debug|Any CPU
		{8ED06CE2-81BE-4EE4-88F7-46AA290F71EF}.Release|Any CPU.ActiveCfg = Release|Any CPU
		{8ED06CE2-81BE-4EE4-88F7-46AA290F71EF}.Release|Any CPU.Build.0 = Release|Any CPU
		{B21DBF04-6234-430C-8F7E-E36A4E37ECCC}.Debug|Any CPU.ActiveCfg = Debug|Any CPU
		{B21DBF04-6234-430C-8F7E-E36A4E37ECCC}.Debug|Any CPU.Build.0 = Debug|Any CPU
		{B21DBF04-6234-430C-8F7E-E36A4E37ECCC}.Release|Any CPU.ActiveCfg = Release|Any CPU
		{B21DBF04-6234-430C-8F7E-E36A4E37ECCC}.Release|Any CPU.Build.0 = Release|Any CPU
		{76718E5B-A66D-452A-B7FB-FC94B3F92487}.Debug|Any CPU.ActiveCfg = Debug|Any CPU
		{76718E5B-A66D-452A-B7FB-FC94B3F92487}.Debug|Any CPU.Build.0 = Debug|Any CPU
		{76718E5B-A66D-452A-B7FB-FC94B3F92487}.Release|Any CPU.ActiveCfg = Release|Any CPU
		{76718E5B-A66D-452A-B7FB-FC94B3F92487}.Release|Any CPU.Build.0 = Release|Any CPU
		{D96F7457-1263-4A54-A121-6906A4999DAA}.Debug|Any CPU.ActiveCfg = Debug|Any CPU
		{D96F7457-1263-4A54-A121-6906A4999DAA}.Debug|Any CPU.Build.0 = Debug|Any CPU
		{D96F7457-1263-4A54-A121-6906A4999DAA}.Release|Any CPU.ActiveCfg = Release|Any CPU
		{D96F7457-1263-4A54-A121-6906A4999DAA}.Release|Any CPU.Build.0 = Release|Any CPU
		{45BC2530-65D6-4064-A28E-7116299A707F}.Debug|Any CPU.ActiveCfg = Debug|Any CPU
		{45BC2530-65D6-4064-A28E-7116299A707F}.Debug|Any CPU.Build.0 = Debug|Any CPU
		{45BC2530-65D6-4064-A28E-7116299A707F}.Release|Any CPU.ActiveCfg = Release|Any CPU
		{45BC2530-65D6-4064-A28E-7116299A707F}.Release|Any CPU.Build.0 = Release|Any CPU
		{4857BE92-3B74-4228-BE6D-BDC68D1BB261}.Debug|Any CPU.ActiveCfg = Debug|Any CPU
		{4857BE92-3B74-4228-BE6D-BDC68D1BB261}.Debug|Any CPU.Build.0 = Debug|Any CPU
		{4857BE92-3B74-4228-BE6D-BDC68D1BB261}.Release|Any CPU.ActiveCfg = Release|Any CPU
		{4857BE92-3B74-4228-BE6D-BDC68D1BB261}.Release|Any CPU.Build.0 = Release|Any CPU
		{DA6ED61A-B068-4F9E-8098-C9E2C6486159}.Debug|Any CPU.ActiveCfg = Debug|Any CPU
		{DA6ED61A-B068-4F9E-8098-C9E2C6486159}.Debug|Any CPU.Build.0 = Debug|Any CPU
		{DA6ED61A-B068-4F9E-8098-C9E2C6486159}.Release|Any CPU.ActiveCfg = Release|Any CPU
		{DA6ED61A-B068-4F9E-8098-C9E2C6486159}.Release|Any CPU.Build.0 = Release|Any CPU
		{B626DE81-4B87-4BDA-AF76-F049F6679791}.Debug|Any CPU.ActiveCfg = Debug|Any CPU
		{B626DE81-4B87-4BDA-AF76-F049F6679791}.Debug|Any CPU.Build.0 = Debug|Any CPU
		{B626DE81-4B87-4BDA-AF76-F049F6679791}.Release|Any CPU.ActiveCfg = Release|Any CPU
		{B626DE81-4B87-4BDA-AF76-F049F6679791}.Release|Any CPU.Build.0 = Release|Any CPU
		{1B359551-541E-4507-A6EC-0CE6325B5A83}.Debug|Any CPU.ActiveCfg = Debug|Any CPU
		{1B359551-541E-4507-A6EC-0CE6325B5A83}.Debug|Any CPU.Build.0 = Debug|Any CPU
		{1B359551-541E-4507-A6EC-0CE6325B5A83}.Release|Any CPU.ActiveCfg = Release|Any CPU
		{1B359551-541E-4507-A6EC-0CE6325B5A83}.Release|Any CPU.Build.0 = Release|Any CPU
		{160C6B0F-9F60-4003-B38B-5575AE91B2ED}.Debug|Any CPU.ActiveCfg = Debug|Any CPU
		{160C6B0F-9F60-4003-B38B-5575AE91B2ED}.Debug|Any CPU.Build.0 = Debug|Any CPU
		{160C6B0F-9F60-4003-B38B-5575AE91B2ED}.Release|Any CPU.ActiveCfg = Release|Any CPU
		{160C6B0F-9F60-4003-B38B-5575AE91B2ED}.Release|Any CPU.Build.0 = Release|Any CPU
		{0E374ED8-472D-4AB6-B63E-BAD82C8F00A7}.Debug|Any CPU.ActiveCfg = Debug|Any CPU
		{0E374ED8-472D-4AB6-B63E-BAD82C8F00A7}.Debug|Any CPU.Build.0 = Debug|Any CPU
		{0E374ED8-472D-4AB6-B63E-BAD82C8F00A7}.Release|Any CPU.ActiveCfg = Release|Any CPU
		{0E374ED8-472D-4AB6-B63E-BAD82C8F00A7}.Release|Any CPU.Build.0 = Release|Any CPU
	EndGlobalSection
	GlobalSection(SolutionProperties) = preSolution
		HideSolutionNode = FALSE
	EndGlobalSection
	GlobalSection(NestedProjects) = preSolution
		{B21DBF04-6234-430C-8F7E-E36A4E37ECCC} = {815A81B7-2777-4540-A3BC-191B13156E98}
		{76718E5B-A66D-452A-B7FB-FC94B3F92487} = {815A81B7-2777-4540-A3BC-191B13156E98}
		{D96F7457-1263-4A54-A121-6906A4999DAA} = {649D641C-9DF9-428A-A7F0-A688D2537533}
		{45BC2530-65D6-4064-A28E-7116299A707F} = {649D641C-9DF9-428A-A7F0-A688D2537533}
		{4857BE92-3B74-4228-BE6D-BDC68D1BB261} = {CBCA5A48-C5F4-4641-A043-2C9BC8561799}
		{DA6ED61A-B068-4F9E-8098-C9E2C6486159} = {BB6C71BE-7D3A-481E-B520-FF4E83B7BE16}
		{B626DE81-4B87-4BDA-AF76-F049F6679791} = {AB0D5B48-1FE5-436D-A3C7-B7C03CC085FE}
		{1B359551-541E-4507-A6EC-0CE6325B5A83} = {815A81B7-2777-4540-A3BC-191B13156E98}
		{160C6B0F-9F60-4003-B38B-5575AE91B2ED} = {BB6C71BE-7D3A-481E-B520-FF4E83B7BE16}
		{0E374ED8-472D-4AB6-B63E-BAD82C8F00A7} = {BB6C71BE-7D3A-481E-B520-FF4E83B7BE16}
	EndGlobalSection
	GlobalSection(ExtensibilityGlobals) = postSolution
		SolutionGuid = {B523B388-E992-4438-9DB2-31756885E0C5}
	EndGlobalSection
EndGlobal
